// !$*UTF8*$!
{
	archiveVersion = 1;
	classes = {
	};
	objectVersion = 50;
	objects = {

/* Begin PBXFileReference section */
		6E6401302B02909000717BFF /* Arrays.playground */ = {isa = PBXFileReference; lastKnownFileType = file.playground; path = Arrays.playground; sourceTree = "<group>"; xcLanguageSpecificationIdentifier = xcode.lang.swift; };
		6E6401312B02A33600717BFF /* Loops.playground */ = {isa = PBXFileReference; lastKnownFileType = file.playground; path = Loops.playground; sourceTree = "<group>"; xcLanguageSpecificationIdentifier = xcode.lang.swift; };
		6E6401322B02BCDB00717BFF /* Structs.playground */ = {isa = PBXFileReference; lastKnownFileType = file.playground; path = Structs.playground; sourceTree = "<group>"; xcLanguageSpecificationIdentifier = xcode.lang.swift; };
		6E6401482B02F6F900717BFF /* Constants.playground */ = {isa = PBXFileReference; lastKnownFileType = file.playground; path = Constants.playground; sourceTree = "<group>"; xcLanguageSpecificationIdentifier = xcode.lang.swift; };
		6E64014A2B02FABD00717BFF /* Variables.playground */ = {isa = PBXFileReference; lastKnownFileType = file.playground; path = Variables.playground; sourceTree = "<group>"; xcLanguageSpecificationIdentifier = xcode.lang.swift; };
		6E64014C2B02FD9900717BFF /* Dictionaries.playground */ = {isa = PBXFileReference; lastKnownFileType = file.playground; path = Dictionaries.playground; sourceTree = "<group>"; xcLanguageSpecificationIdentifier = xcode.lang.swift; };
		6E64014F2B03548500717BFF /* Optionals.playground */ = {isa = PBXFileReference; lastKnownFileType = file.playground; path = Optionals.playground; sourceTree = "<group>"; xcLanguageSpecificationIdentifier = xcode.lang.swift; };
		6E6401512B03555300717BFF /* Functions.playground */ = {isa = PBXFileReference; lastKnownFileType = file.playground; path = Functions.playground; sourceTree = "<group>"; xcLanguageSpecificationIdentifier = xcode.lang.swift; };
		6E6401542B03565E00717BFF /* Comments.playground */ = {isa = PBXFileReference; lastKnownFileType = file.playground; path = Comments.playground; sourceTree = "<group>"; xcLanguageSpecificationIdentifier = xcode.lang.swift; };
		6E6401582B037A5400717BFF /* Exercises.playground */ = {isa = PBXFileReference; lastKnownFileType = file.playground; path = Exercises.playground; sourceTree = "<group>"; xcLanguageSpecificationIdentifier = xcode.lang.swift; };
		6E64015A2B037F8300717BFF /* Boolean.playground */ = {isa = PBXFileReference; lastKnownFileType = file.playground; path = Boolean.playground; sourceTree = "<group>"; xcLanguageSpecificationIdentifier = xcode.lang.swift; };
		6E64015D2B04588500717BFF /* APIDocs.playground */ = {isa = PBXFileReference; lastKnownFileType = file.playground; path = APIDocs.playground; sourceTree = "<group>"; xcLanguageSpecificationIdentifier = xcode.lang.swift; };
/* End PBXFileReference section */

/* Begin PBXGroup section */
		6E6401292B02905000717BFF = {
			isa = PBXGroup;
			children = (
				6E64015D2B04588500717BFF /* APIDocs.playground */,
				6E6401302B02909000717BFF /* Arrays.playground */,
				6E64015A2B037F8300717BFF /* Boolean.playground */,
				6E6401542B03565E00717BFF /* Comments.playground */,
				6E6401482B02F6F900717BFF /* Constants.playground */,
				6E64014C2B02FD9900717BFF /* Dictionaries.playground */,
				6E6401582B037A5400717BFF /* Exercises.playground */,
				6E6401512B03555300717BFF /* Functions.playground */,
				6E6401312B02A33600717BFF /* Loops.playground */,
				6E64014F2B03548500717BFF /* Optionals.playground */,
				6E6401322B02BCDB00717BFF /* Structs.playground */,
				6E64014A2B02FABD00717BFF /* Variables.playground */,
				6E6401382B02DB1A00717BFF /* Products */,
			);
			sourceTree = "<group>";
		};
		6E6401382B02DB1A00717BFF /* Products */ = {
			isa = PBXGroup;
			children = (
			);
			name = Products;
			sourceTree = "<group>";
		};
/* End PBXGroup section */

/* Begin PBXProject section */
		6E64012A2B02905000717BFF /* Project object */ = {
			isa = PBXProject;
			attributes = {
				LastSwiftUpdateCheck = 1240;
				LastUpgradeCheck = 1240;
			};
			buildConfigurationList = 6E64012D2B02905000717BFF /* Build configuration list for PBXProject "ArraysPlayground" */;
			compatibilityVersion = "Xcode 9.3";
			developmentRegion = en;
			hasScannedForEncodings = 0;
			knownRegions = (
				en,
				Base,
			);
			mainGroup = 6E6401292B02905000717BFF;
			productRefGroup = 6E6401382B02DB1A00717BFF /* Products */;
			projectDirPath = "";
			projectRoot = "";
			targets = (
			);
		};
/* End PBXProject section */

/* Begin XCBuildConfiguration section */
		6E64012E2B02905000717BFF /* Debug */ = {
			isa = XCBuildConfiguration;
			buildSettings = {
			};
			name = Debug;
		};
		6E64012F2B02905000717BFF /* Release */ = {
			isa = XCBuildConfiguration;
			buildSettings = {
			};
			name = Release;
		};
/* End XCBuildConfiguration section */

/* Begin XCConfigurationList section */
		6E64012D2B02905000717BFF /* Build configuration list for PBXProject "ArraysPlayground" */ = {
			isa = XCConfigurationList;
			buildConfigurations = (
				6E64012E2B02905000717BFF /* Debug */,
				6E64012F2B02905000717BFF /* Release */,
			);
			defaultConfigurationIsVisible = 0;
			defaultConfigurationName = Release;
		};
/* End XCConfigurationList section */
	};
	rootObject = 6E64012A2B02905000717BFF /* Project object */;
}
