// !$*UTF8*$!
{
	archiveVersion = 1;
	classes = {
	};
	objectVersion = 50;
	objects = {

/* Begin PBXFileReference section */
		6E6401302B02909000717BFF /* Arrays.playground */ = {isa = PBXFileReference; lastKnownFileType = file.playground; path = Arrays.playground; sourceTree = "<group>"; xcLanguageSpecificationIdentifier = xcode.lang.swift; };
		6E6401312B02A33600717BFF /* Loops.playground */ = {isa = PBXFileReference; lastKnownFileType = file.playground; path = Loops.playground; sourceTree = "<group>"; xcLanguageSpecificationIdentifier = xcode.lang.swift; };
/* End PBXFileReference section */

/* Begin PBXGroup section */
		6E6401292B02905000717BFF = {
			isa = PBXGroup;
			children = (
				6E6401312B02A33600717BFF /* Loops.playground */,
				6E6401302B02909000717BFF /* Arrays.playground */,
			);
			sourceTree = "<group>";
		};
/* End PBXGroup section */

/* Begin PBXProject section */
		6E64012A2B02905000717BFF /* Project object */ = {
			isa = PBXProject;
			attributes = {
				LastUpgradeCheck = 1240;
			};
			buildConfigurationList = 6E64012D2B02905000717BFF /* Build configuration list for PBXProject "ArraysPlayground" */;
			compatibilityVersion = "Xcode 9.3";
			developmentRegion = en;
			hasScannedForEncodings = 0;
			knownRegions = (
				en,
				Base,
			);
			mainGroup = 6E6401292B02905000717BFF;
			projectDirPath = "";
			projectRoot = "";
			targets = (
			);
		};
/* End PBXProject section */

/* Begin XCBuildConfiguration section */
		6E64012E2B02905000717BFF /* Debug */ = {
			isa = XCBuildConfiguration;
			buildSettings = {
			};
			name = Debug;
		};
		6E64012F2B02905000717BFF /* Release */ = {
			isa = XCBuildConfiguration;
			buildSettings = {
			};
			name = Release;
		};
/* End XCBuildConfiguration section */

/* Begin XCConfigurationList section */
		6E64012D2B02905000717BFF /* Build configuration list for PBXProject "ArraysPlayground" */ = {
			isa = XCConfigurationList;
			buildConfigurations = (
				6E64012E2B02905000717BFF /* Debug */,
				6E64012F2B02905000717BFF /* Release */,
			);
			defaultConfigurationIsVisible = 0;
			defaultConfigurationName = Release;
		};
/* End XCConfigurationList section */
	};
	rootObject = 6E64012A2B02905000717BFF /* Project object */;
}
